
Microsoft Visual Studio Solution File, Format Version 12.00
# Visual Studio Version 16
VisualStudioVersion = 16.0.30225.117
MinimumVisualStudioVersion = 10.0.40219.1
Project("{9A19103F-16F7-4668-BE54-9A1E7A4F7556}") = "Glacie.Tools.ArzOptimizer", "Glacie.Tools.ArzOptimizer\Glacie.Tools.ArzOptimizer.csproj", "{7D760C18-A868-4FBA-9BC2-B96816B29104}"
EndProject
Global
	GlobalSection(SolutionConfigurationPlatforms) = preSolution
		Debug|Any CPU = Debug|Any CPU
		Release|Any CPU = Release|Any CPU
	EndGlobalSection
	GlobalSection(ProjectConfigurationPlatforms) = postSolution
		{7D760C18-A868-4FBA-9BC2-B96816B29104}.Debug|Any CPU.ActiveCfg = Debug|Any CPU
		{7D760C18-A868-4FBA-9BC2-B96816B29104}.Debug|Any CPU.Build.0 = Debug|Any CPU
		{7D760C18-A868-4FBA-9BC2-B96816B29104}.Release|Any CPU.ActiveCfg = Release|Any CPU
		{7D760C18-A868-4FBA-9BC2-B96816B29104}.Release|Any CPU.Build.0 = Release|Any CPU
	EndGlobalSection
	GlobalSection(SolutionProperties) = preSolution
		HideSolutionNode = FALSE
	EndGlobalSection
	GlobalSection(ExtensibilityGlobals) = postSolution
		SolutionGuid = {3E7CFB90-14DC-45ED-9939-E397128B17AF}
	EndGlobalSection
EndGlobal
